github.com/Henry-Sarabia/apicalypse v1.0.3 h1:/1dQ+HtjEDWdvolCbGJTSok8RqgtVj4tGQQss0XI6hY=
github.com/Henry-Sarabia/apicalypse v1.0.3/go.mod h1:g1fm+dAINHGUiAzCq3SfcDH7oIGZy/8yQh4BNQ6tXfE=
github.com/Henry-Sarabia/blank v3.0.0+incompatible h1:3JfHWx7YVr1bA+9aK1J2w9TrFpwAHfPibHOq4qwicSc=
github.com/Henry-Sarabia/blank v3.0.0+incompatible/go.mod h1:EKLnM7Lq0E08WmivZuJoo099i07THd4ISgOBs3wOKTw=
github.com/Henry-Sarabia/sliceconv v1.0.2 h1:1zH/sJmocRZz1g1FrmU06GsbskWLWglj6IHhFB9TdBA=
github.com/Henry-Sarabia/sliceconv v1.0.2/go.mod h1:FNvuZcThTpCgAjQQZjPSx7PkS/DYRT6jTV3oPQGP2lU=
github.com/fatih/camelcase v1.0.0 h1:hxNvNX/xYBp0ovncs8WyWZrOrpBNub/JfaMvbURyft8=
github.com/fatih/camelcase v1.0.0/go.mod h1:yN2Sb0lFhZJUdVvtELVWefmrXpuZESvPmqwoZc+/fpc=
github.com/fatih/gomodifytags v1.16.0 h1:B65npXIXSk44F6c1hZGE1NazSnt+eXvtdEOG2Uy+QdU=
github.com/fatih/gomodifytags v1.16.0/go.mod h1:TbUyEjH1Zo0GkJd2Q52oVYqYcJ0eGNqG8bsiOb75P9c=
github.com/fatih/structtag v1.2.0 h1:/OdNE99OxoI/PqaW/SuSK9uxxT3f/tcSZgon/ssNSx4=
github.com/fatih/structtag v1.2.0/go.mod h1:mBJUNpUnHmRKrKlQQlmCrh5PuhftFbNv8Ys4/aAZl94=
github.com/gorilla/mux v1.8.1 h1:TuBL49tXwgrFYWhqrNgrUNEY92u81SPhu7sTdzQEiWY=
github.com/gorilla/mux v1.8.1/go.mod h1:AKf9I4AEqPTmMytcMc0KkNouC66V3BtZ4qD5fmWSiMQ=
github.com/joho/godotenv v1.5.1 h1:7eLL/+HRGLY0ldzfGMeQkb7vMd0as4CfYvUVzLqw0N0=
github.com/joho/godotenv v1.5.1/go.mod h1:f4LDr5Voq0i2e/R5DDNOoa2zzDfwtkZa6DnEwAbqwq4=
github.com/pkg/errors v0.9.1 h1:FEBLx1zS214owpjy7qsBeixbURkuhQAwrK5UwLGTwt4=
github.com/pkg/errors v0.9.1/go.mod h1:bwawxfHBFNV+L2hUp1rHADufV3IMtnDRdf1r5NINEl0=
github.com/rs/cors v1.10.1 h1:L0uuZVXIKlI1SShY2nhFfo44TYvDPQ1w4oFkUJNfhyo=
github.com/rs/cors v1.10.1/go.mod h1:XyqrcTp5zjWr1wsJ8PIRZssZ8b/WMcMf71DJnit4EMU=
golang.org/x/mod v0.14.0 h1:dGoOF9QVLYng8IHTm7BAyWqCqSheQ5pYWGhzW00YJr0=
golang.org/x/mod v0.14.0/go.mod h1:hTbmBsO62+eylJbnUtE2MGJUyE7QWk4xUqPFrRgJ+7c=
golang.org/x/tools v0.0.0-20180824175216-6c1c5e93cdc1/go.mod h1:n7NCudcB/nEzxVGmLbDWY5pfWTLqBcC2KZ6jyYvM4mQ=
golang.org/x/tools v0.16.1 h1:TLyB3WofjdOEepBHAU20JdNC1Zbg87elYofWYAY5oZA=
golang.org/x/tools v0.16.1/go.mod h1:kYVVN6I1mBNoB1OX+noeBjbRk4IUEPa7JJ+TJMEooJ0=
